
Microsoft Visual Studio Solution File, Format Version 12.00
# Visual Studio Version 17
VisualStudioVersion = 17.5.33502.453
MinimumVisualStudioVersion = 10.0.40219.1
Project("{FAE04EC0-301F-11D3-BF4B-00C04F79EFBC}") = "MoodAnalyzer", "MoodAnalyzer.csproj", "{0B6E0790-9E09-4279-A944-F87E30959EA2}"
EndProject
Project("{FAE04EC0-301F-11D3-BF4B-00C04F79EFBC}") = "MoodAnalyzerTest", "..\MoodAnalyzerTest\MoodAnalyzerTest.csproj", "{72D22C47-ED5E-4367-B7F6-BDF4D0E42268}"
EndProject
Global
	GlobalSection(SolutionConfigurationPlatforms) = preSolution
		Debug|Any CPU = Debug|Any CPU
		Release|Any CPU = Release|Any CPU
	EndGlobalSection
	GlobalSection(ProjectConfigurationPlatforms) = postSolution
		{0B6E0790-9E09-4279-A944-F87E30959EA2}.Debug|Any CPU.ActiveCfg = Debug|Any CPU
		{0B6E0790-9E09-4279-A944-F87E30959EA2}.Debug|Any CPU.Build.0 = Debug|Any CPU
		{0B6E0790-9E09-4279-A944-F87E30959EA2}.Release|Any CPU.ActiveCfg = Release|Any CPU
		{0B6E0790-9E09-4279-A944-F87E30959EA2}.Release|Any CPU.Build.0 = Release|Any CPU
		{72D22C47-ED5E-4367-B7F6-BDF4D0E42268}.Debug|Any CPU.ActiveCfg = Debug|Any CPU
		{72D22C47-ED5E-4367-B7F6-BDF4D0E42268}.Debug|Any CPU.Build.0 = Debug|Any CPU
		{72D22C47-ED5E-4367-B7F6-BDF4D0E42268}.Release|Any CPU.ActiveCfg = Release|Any CPU
		{72D22C47-ED5E-4367-B7F6-BDF4D0E42268}.Release|Any CPU.Build.0 = Release|Any CPU
	EndGlobalSection
	GlobalSection(SolutionProperties) = preSolution
		HideSolutionNode = FALSE
	EndGlobalSection
	GlobalSection(ExtensibilityGlobals) = postSolution
		SolutionGuid = {46DFAD27-E6C7-4DE4-A578-E88B0F5CC128}
	EndGlobalSection
EndGlobal
